
Microsoft Visual Studio Solution File, Format Version 12.00
# Visual Studio Version 16
VisualStudioVersion = 16.0.30503.244
MinimumVisualStudioVersion = 10.0.40219.1
Project("{FAE04EC0-301F-11D3-BF4B-00C04F79EFBC}") = "Ejercicio 4.1.3.1", "Ejercicio 4.1.3.1\Ejercicio 4.1.3.1.csproj", "{475DFD1F-5F19-4CB4-9833-AA4EDA15D818}"
EndProject
Global
	GlobalSection(SolutionConfigurationPlatforms) = preSolution
		Debug|Any CPU = Debug|Any CPU
		Release|Any CPU = Release|Any CPU
	EndGlobalSection
	GlobalSection(ProjectConfigurationPlatforms) = postSolution
		{475DFD1F-5F19-4CB4-9833-AA4EDA15D818}.Debug|Any CPU.ActiveCfg = Debug|Any CPU
		{475DFD1F-5F19-4CB4-9833-AA4EDA15D818}.Debug|Any CPU.Build.0 = Debug|Any CPU
		{475DFD1F-5F19-4CB4-9833-AA4EDA15D818}.Release|Any CPU.ActiveCfg = Release|Any CPU
		{475DFD1F-5F19-4CB4-9833-AA4EDA15D818}.Release|Any CPU.Build.0 = Release|Any CPU
	EndGlobalSection
	GlobalSection(SolutionProperties) = preSolution
		HideSolutionNode = FALSE
	EndGlobalSection
	GlobalSection(ExtensibilityGlobals) = postSolution
		SolutionGuid = {D84EEE4C-7AE0-42CB-A4BF-70BF79C1F5BA}
	EndGlobalSection
EndGlobal
