
Microsoft Visual Studio Solution File, Format Version 12.00
# Visual Studio Version 16
VisualStudioVersion = 16.0.30503.244
MinimumVisualStudioVersion = 10.0.40219.1
Project("{FAE04EC0-301F-11D3-BF4B-00C04F79EFBC}") = "Ejercicio2_6_2", "Ejercicio2_6_2\Ejercicio2_6_2.csproj", "{E078FED1-F364-4AB1-BA1D-D63264F90EEF}"
EndProject
Global
	GlobalSection(SolutionConfigurationPlatforms) = preSolution
		Debug|Any CPU = Debug|Any CPU
		Release|Any CPU = Release|Any CPU
	EndGlobalSection
	GlobalSection(ProjectConfigurationPlatforms) = postSolution
		{E078FED1-F364-4AB1-BA1D-D63264F90EEF}.Debug|Any CPU.ActiveCfg = Debug|Any CPU
		{E078FED1-F364-4AB1-BA1D-D63264F90EEF}.Debug|Any CPU.Build.0 = Debug|Any CPU
		{E078FED1-F364-4AB1-BA1D-D63264F90EEF}.Release|Any CPU.ActiveCfg = Release|Any CPU
		{E078FED1-F364-4AB1-BA1D-D63264F90EEF}.Release|Any CPU.Build.0 = Release|Any CPU
	EndGlobalSection
	GlobalSection(SolutionProperties) = preSolution
		HideSolutionNode = FALSE
	EndGlobalSection
	GlobalSection(ExtensibilityGlobals) = postSolution
		SolutionGuid = {F4D524DB-08AB-48A8-83A2-DC6CF73E60B4}
	EndGlobalSection
EndGlobal
