
Microsoft Visual Studio Solution File, Format Version 12.00
# Visual Studio Version 16
VisualStudioVersion = 16.0.30503.244
MinimumVisualStudioVersion = 10.0.40219.1
Project("{FAE04EC0-301F-11D3-BF4B-00C04F79EFBC}") = "Ejercicio 4.1.3.7", "Ejercicio 4.1.3.7\Ejercicio 4.1.3.7.csproj", "{B7A0DF27-A874-41C9-AD81-24AC90BBFAB0}"
EndProject
Global
	GlobalSection(SolutionConfigurationPlatforms) = preSolution
		Debug|Any CPU = Debug|Any CPU
		Release|Any CPU = Release|Any CPU
	EndGlobalSection
	GlobalSection(ProjectConfigurationPlatforms) = postSolution
		{B7A0DF27-A874-41C9-AD81-24AC90BBFAB0}.Debug|Any CPU.ActiveCfg = Debug|Any CPU
		{B7A0DF27-A874-41C9-AD81-24AC90BBFAB0}.Debug|Any CPU.Build.0 = Debug|Any CPU
		{B7A0DF27-A874-41C9-AD81-24AC90BBFAB0}.Release|Any CPU.ActiveCfg = Release|Any CPU
		{B7A0DF27-A874-41C9-AD81-24AC90BBFAB0}.Release|Any CPU.Build.0 = Release|Any CPU
	EndGlobalSection
	GlobalSection(SolutionProperties) = preSolution
		HideSolutionNode = FALSE
	EndGlobalSection
	GlobalSection(ExtensibilityGlobals) = postSolution
		SolutionGuid = {B2E75E58-5B7A-41AC-B8CE-872345116C0A}
	EndGlobalSection
EndGlobal
