
Microsoft Visual Studio Solution File, Format Version 12.00
# Visual Studio Version 16
VisualStudioVersion = 16.0.30503.244
MinimumVisualStudioVersion = 10.0.40219.1
Project("{FAE04EC0-301F-11D3-BF4B-00C04F79EFBC}") = "Ejecicio 4.1.3.11", "Ejecicio 4.1.3.11\Ejecicio 4.1.3.11.csproj", "{30BFD0B1-54ED-4BB2-BDA8-62EC9ED8C388}"
EndProject
Global
	GlobalSection(SolutionConfigurationPlatforms) = preSolution
		Debug|Any CPU = Debug|Any CPU
		Release|Any CPU = Release|Any CPU
	EndGlobalSection
	GlobalSection(ProjectConfigurationPlatforms) = postSolution
		{30BFD0B1-54ED-4BB2-BDA8-62EC9ED8C388}.Debug|Any CPU.ActiveCfg = Debug|Any CPU
		{30BFD0B1-54ED-4BB2-BDA8-62EC9ED8C388}.Debug|Any CPU.Build.0 = Debug|Any CPU
		{30BFD0B1-54ED-4BB2-BDA8-62EC9ED8C388}.Release|Any CPU.ActiveCfg = Release|Any CPU
		{30BFD0B1-54ED-4BB2-BDA8-62EC9ED8C388}.Release|Any CPU.Build.0 = Release|Any CPU
	EndGlobalSection
	GlobalSection(SolutionProperties) = preSolution
		HideSolutionNode = FALSE
	EndGlobalSection
	GlobalSection(ExtensibilityGlobals) = postSolution
		SolutionGuid = {115B14F8-3B89-4500-AD5B-A17E5D1836BA}
	EndGlobalSection
EndGlobal
