
Microsoft Visual Studio Solution File, Format Version 12.00
# Visual Studio Version 16
VisualStudioVersion = 16.0.30503.244
MinimumVisualStudioVersion = 10.0.40219.1
Project("{FAE04EC0-301F-11D3-BF4B-00C04F79EFBC}") = "Ejercicio 4.1.3.3", "Ejercicio 4.1.3.3\Ejercicio 4.1.3.3.csproj", "{C114308C-8F9D-4632-99C5-40B5B3BF1CFE}"
EndProject
Global
	GlobalSection(SolutionConfigurationPlatforms) = preSolution
		Debug|Any CPU = Debug|Any CPU
		Release|Any CPU = Release|Any CPU
	EndGlobalSection
	GlobalSection(ProjectConfigurationPlatforms) = postSolution
		{C114308C-8F9D-4632-99C5-40B5B3BF1CFE}.Debug|Any CPU.ActiveCfg = Debug|Any CPU
		{C114308C-8F9D-4632-99C5-40B5B3BF1CFE}.Debug|Any CPU.Build.0 = Debug|Any CPU
		{C114308C-8F9D-4632-99C5-40B5B3BF1CFE}.Release|Any CPU.ActiveCfg = Release|Any CPU
		{C114308C-8F9D-4632-99C5-40B5B3BF1CFE}.Release|Any CPU.Build.0 = Release|Any CPU
	EndGlobalSection
	GlobalSection(SolutionProperties) = preSolution
		HideSolutionNode = FALSE
	EndGlobalSection
	GlobalSection(ExtensibilityGlobals) = postSolution
		SolutionGuid = {6E1CCA2B-7EB1-4BBF-A51C-94A93ABF701B}
	EndGlobalSection
EndGlobal
